
Microsoft Visual Studio Solution File, Format Version 12.00
# Visual Studio Version 16
VisualStudioVersion = 16.0.29709.97
MinimumVisualStudioVersion = 10.0.40219.1
Project("{FAE04EC0-301F-11D3-BF4B-00C04F79EFBC}") = "SaveiPhone", "SaveiPhone\SaveiPhone.csproj", "{DE0A6B62-5414-4675-9BE6-17D222AEF01E}"
EndProject
Global
	GlobalSection(SolutionConfigurationPlatforms) = preSolution
		Debug|Any CPU = Debug|Any CPU
		Release|Any CPU = Release|Any CPU
	EndGlobalSection
	GlobalSection(ProjectConfigurationPlatforms) = postSolution
		{DE0A6B62-5414-4675-9BE6-17D222AEF01E}.Debug|Any CPU.ActiveCfg = Debug|Any CPU
		{DE0A6B62-5414-4675-9BE6-17D222AEF01E}.Debug|Any CPU.Build.0 = Debug|Any CPU
		{DE0A6B62-5414-4675-9BE6-17D222AEF01E}.Release|Any CPU.ActiveCfg = Release|Any CPU
		{DE0A6B62-5414-4675-9BE6-17D222AEF01E}.Release|Any CPU.Build.0 = Release|Any CPU
	EndGlobalSection
	GlobalSection(SolutionProperties) = preSolution
		HideSolutionNode = FALSE
	EndGlobalSection
	GlobalSection(ExtensibilityGlobals) = postSolution
		SolutionGuid = {8DA6A054-2B9E-4E36-9BBA-67F1BFD7905A}
	EndGlobalSection
EndGlobal
